// !$*UTF8*$!
{
	archiveVersion = 1;
	classes = {
	};
	objectVersion = 46;
	objects = {

/* Begin PBXBuildFile section */
		737F7DFD1C60DB5C008DDB41 /* main.m in Sources */ = {isa = PBXBuildFile; fileRef = 737F7DFC1C60DB5C008DDB41 /* main.m */; };
		737F7E001C60DB5C008DDB41 /* AppDelegate.m in Sources */ = {isa = PBXBuildFile; fileRef = 737F7DFF1C60DB5C008DDB41 /* AppDelegate.m */; };
		737F7E031C60DB5C008DDB41 /* MainMenuViewController.m in Sources */ = {isa = PBXBuildFile; fileRef = 737F7E021C60DB5C008DDB41 /* MainMenuViewController.m */; };
		737F7E061C60DB5C008DDB41 /* Main.storyboard in Resources */ = {isa = PBXBuildFile; fileRef = 737F7E041C60DB5C008DDB41 /* Main.storyboard */; };
		737F7E081C60DB5C008DDB41 /* Assets.xcassets in Resources */ = {isa = PBXBuildFile; fileRef = 737F7E071C60DB5C008DDB41 /* Assets.xcassets */; };
		737F7E0B1C60DB5C008DDB41 /* LaunchScreen.storyboard in Resources */ = {isa = PBXBuildFile; fileRef = 737F7E091C60DB5C008DDB41 /* LaunchScreen.storyboard */; };
		737F7E171C60DC5F008DDB41 /* MainMenuItemCollectionViewCell.m in Sources */ = {isa = PBXBuildFile; fileRef = 737F7E151C60DC5F008DDB41 /* MainMenuItemCollectionViewCell.m */; };
		737F7E181C60DC5F008DDB41 /* MainMenuItemCollectionViewCell.xib in Resources */ = {isa = PBXBuildFile; fileRef = 737F7E161C60DC5F008DDB41 /* MainMenuItemCollectionViewCell.xib */; };
		737F7E1D1C60EA19008DDB41 /* SetupPartyViewController.m in Sources */ = {isa = PBXBuildFile; fileRef = 737F7E1C1C60EA19008DDB41 /* SetupPartyViewController.m */; };
		737F7E211C61195D008DDB41 /* UploadImageCollectionViewCell.m in Sources */ = {isa = PBXBuildFile; fileRef = 737F7E1F1C61195C008DDB41 /* UploadImageCollectionViewCell.m */; };
		737F7E221C61195D008DDB41 /* UploadImageCollectionViewCell.xib in Resources */ = {isa = PBXBuildFile; fileRef = 737F7E201C61195C008DDB41 /* UploadImageCollectionViewCell.xib */; };
		737F7E261C61448C008DDB41 /* HttpRequester.swift in Sources */ = {isa = PBXBuildFile; fileRef = 737F7E251C61448C008DDB41 /* HttpRequester.swift */; };
		737F7E291C616C85008DDB41 /* LoginViewController.m in Sources */ = {isa = PBXBuildFile; fileRef = 737F7E281C616C85008DDB41 /* LoginViewController.m */; };
		737F7E2C1C616C95008DDB41 /* RegisterViewController.m in Sources */ = {isa = PBXBuildFile; fileRef = 737F7E2B1C616C95008DDB41 /* RegisterViewController.m */; };
/* End PBXBuildFile section */

/* Begin PBXFileReference section */
		737F7DF81C60DB5C008DDB41 /* IParty.app */ = {isa = PBXFileReference; explicitFileType = wrapper.application; includeInIndex = 0; path = IParty.app; sourceTree = BUILT_PRODUCTS_DIR; };
		737F7DFC1C60DB5C008DDB41 /* main.m */ = {isa = PBXFileReference; lastKnownFileType = sourcecode.c.objc; path = main.m; sourceTree = "<group>"; };
		737F7DFE1C60DB5C008DDB41 /* AppDelegate.h */ = {isa = PBXFileReference; lastKnownFileType = sourcecode.c.h; path = AppDelegate.h; sourceTree = "<group>"; };
		737F7DFF1C60DB5C008DDB41 /* AppDelegate.m */ = {isa = PBXFileReference; lastKnownFileType = sourcecode.c.objc; path = AppDelegate.m; sourceTree = "<group>"; };
		737F7E011C60DB5C008DDB41 /* MainMenuViewController.h */ = {isa = PBXFileReference; lastKnownFileType = sourcecode.c.h; path = MainMenuViewController.h; sourceTree = "<group>"; };
		737F7E021C60DB5C008DDB41 /* MainMenuViewController.m */ = {isa = PBXFileReference; lastKnownFileType = sourcecode.c.objc; path = MainMenuViewController.m; sourceTree = "<group>"; };
		737F7E051C60DB5C008DDB41 /* Base */ = {isa = PBXFileReference; lastKnownFileType = file.storyboard; name = Base; path = Base.lproj/Main.storyboard; sourceTree = "<group>"; };
		737F7E071C60DB5C008DDB41 /* Assets.xcassets */ = {isa = PBXFileReference; lastKnownFileType = folder.assetcatalog; path = Assets.xcassets; sourceTree = "<group>"; };
		737F7E0A1C60DB5C008DDB41 /* Base */ = {isa = PBXFileReference; lastKnownFileType = file.storyboard; name = Base; path = Base.lproj/LaunchScreen.storyboard; sourceTree = "<group>"; };
		737F7E0C1C60DB5C008DDB41 /* Info.plist */ = {isa = PBXFileReference; lastKnownFileType = text.plist.xml; path = Info.plist; sourceTree = "<group>"; };
		737F7E141C60DC5F008DDB41 /* MainMenuItemCollectionViewCell.h */ = {isa = PBXFileReference; fileEncoding = 4; lastKnownFileType = sourcecode.c.h; path = MainMenuItemCollectionViewCell.h; sourceTree = "<group>"; };
		737F7E151C60DC5F008DDB41 /* MainMenuItemCollectionViewCell.m */ = {isa = PBXFileReference; fileEncoding = 4; lastKnownFileType = sourcecode.c.objc; path = MainMenuItemCollectionViewCell.m; sourceTree = "<group>"; };
		737F7E161C60DC5F008DDB41 /* MainMenuItemCollectionViewCell.xib */ = {isa = PBXFileReference; fileEncoding = 4; lastKnownFileType = file.xib; path = MainMenuItemCollectionViewCell.xib; sourceTree = "<group>"; };
		737F7E1B1C60EA19008DDB41 /* SetupPartyViewController.h */ = {isa = PBXFileReference; fileEncoding = 4; lastKnownFileType = sourcecode.c.h; path = SetupPartyViewController.h; sourceTree = "<group>"; };
		737F7E1C1C60EA19008DDB41 /* SetupPartyViewController.m */ = {isa = PBXFileReference; fileEncoding = 4; lastKnownFileType = sourcecode.c.objc; path = SetupPartyViewController.m; sourceTree = "<group>"; };
		737F7E1E1C61195C008DDB41 /* UploadImageCollectionViewCell.h */ = {isa = PBXFileReference; fileEncoding = 4; lastKnownFileType = sourcecode.c.h; path = UploadImageCollectionViewCell.h; sourceTree = "<group>"; };
		737F7E1F1C61195C008DDB41 /* UploadImageCollectionViewCell.m */ = {isa = PBXFileReference; fileEncoding = 4; lastKnownFileType = sourcecode.c.objc; path = UploadImageCollectionViewCell.m; sourceTree = "<group>"; };
		737F7E201C61195C008DDB41 /* UploadImageCollectionViewCell.xib */ = {isa = PBXFileReference; fileEncoding = 4; lastKnownFileType = file.xib; path = UploadImageCollectionViewCell.xib; sourceTree = "<group>"; };
		737F7E241C61448C008DDB41 /* IParty-Bridging-Header.h */ = {isa = PBXFileReference; lastKnownFileType = sourcecode.c.h; path = "IParty-Bridging-Header.h"; sourceTree = "<group>"; };
		737F7E251C61448C008DDB41 /* HttpRequester.swift */ = {isa = PBXFileReference; fileEncoding = 4; lastKnownFileType = sourcecode.swift; path = HttpRequester.swift; sourceTree = "<group>"; };
		737F7E271C616C85008DDB41 /* LoginViewController.h */ = {isa = PBXFileReference; fileEncoding = 4; lastKnownFileType = sourcecode.c.h; path = LoginViewController.h; sourceTree = "<group>"; };
		737F7E281C616C85008DDB41 /* LoginViewController.m */ = {isa = PBXFileReference; fileEncoding = 4; lastKnownFileType = sourcecode.c.objc; path = LoginViewController.m; sourceTree = "<group>"; };
		737F7E2A1C616C95008DDB41 /* RegisterViewController.h */ = {isa = PBXFileReference; fileEncoding = 4; lastKnownFileType = sourcecode.c.h; path = RegisterViewController.h; sourceTree = "<group>"; };
		737F7E2B1C616C95008DDB41 /* RegisterViewController.m */ = {isa = PBXFileReference; fileEncoding = 4; lastKnownFileType = sourcecode.c.objc; path = RegisterViewController.m; sourceTree = "<group>"; };
/* End PBXFileReference section */

/* Begin PBXFrameworksBuildPhase section */
		737F7DF51C60DB5C008DDB41 /* Frameworks */ = {
			isa = PBXFrameworksBuildPhase;
			buildActionMask = 2147483647;
			files = (
			);
			runOnlyForDeploymentPostprocessing = 0;
		};
/* End PBXFrameworksBuildPhase section */

/* Begin PBXGroup section */
		737F7DEF1C60DB5C008DDB41 = {
			isa = PBXGroup;
			children = (
				737F7DFA1C60DB5C008DDB41 /* IParty */,
				737F7DF91C60DB5C008DDB41 /* Products */,
			);
			sourceTree = "<group>";
		};
		737F7DF91C60DB5C008DDB41 /* Products */ = {
			isa = PBXGroup;
			children = (
				737F7DF81C60DB5C008DDB41 /* IParty.app */,
			);
			name = Products;
			sourceTree = "<group>";
		};
		737F7DFA1C60DB5C008DDB41 /* IParty */ = {
			isa = PBXGroup;
			children = (
				737F7E231C614474008DDB41 /* HTTP */,
				737F7E131C60DBB6008DDB41 /* Views */,
				737F7E121C60DB70008DDB41 /* ViewControllers */,
				737F7DFE1C60DB5C008DDB41 /* AppDelegate.h */,
				737F7DFF1C60DB5C008DDB41 /* AppDelegate.m */,
				737F7E041C60DB5C008DDB41 /* Main.storyboard */,
				737F7E071C60DB5C008DDB41 /* Assets.xcassets */,
				737F7E091C60DB5C008DDB41 /* LaunchScreen.storyboard */,
				737F7E0C1C60DB5C008DDB41 /* Info.plist */,
				737F7DFB1C60DB5C008DDB41 /* Supporting Files */,
			);
			path = IParty;
			sourceTree = "<group>";
		};
		737F7DFB1C60DB5C008DDB41 /* Supporting Files */ = {
			isa = PBXGroup;
			children = (
				737F7DFC1C60DB5C008DDB41 /* main.m */,
			);
			name = "Supporting Files";
			sourceTree = "<group>";
		};
		737F7E121C60DB70008DDB41 /* ViewControllers */ = {
			isa = PBXGroup;
			children = (
				737F7E011C60DB5C008DDB41 /* MainMenuViewController.h */,
				737F7E021C60DB5C008DDB41 /* MainMenuViewController.m */,
				737F7E1B1C60EA19008DDB41 /* SetupPartyViewController.h */,
				737F7E1C1C60EA19008DDB41 /* SetupPartyViewController.m */,
				737F7E271C616C85008DDB41 /* LoginViewController.h */,
				737F7E281C616C85008DDB41 /* LoginViewController.m */,
				737F7E2A1C616C95008DDB41 /* RegisterViewController.h */,
				737F7E2B1C616C95008DDB41 /* RegisterViewController.m */,
			);
			name = ViewControllers;
			sourceTree = "<group>";
		};
		737F7E131C60DBB6008DDB41 /* Views */ = {
			isa = PBXGroup;
			children = (
				737F7E141C60DC5F008DDB41 /* MainMenuItemCollectionViewCell.h */,
				737F7E151C60DC5F008DDB41 /* MainMenuItemCollectionViewCell.m */,
				737F7E161C60DC5F008DDB41 /* MainMenuItemCollectionViewCell.xib */,
				737F7E1E1C61195C008DDB41 /* UploadImageCollectionViewCell.h */,
				737F7E1F1C61195C008DDB41 /* UploadImageCollectionViewCell.m */,
				737F7E201C61195C008DDB41 /* UploadImageCollectionViewCell.xib */,
			);
			name = Views;
			sourceTree = "<group>";
		};
		737F7E231C614474008DDB41 /* HTTP */ = {
			isa = PBXGroup;
			children = (
				737F7E251C61448C008DDB41 /* HttpRequester.swift */,
				737F7E241C61448C008DDB41 /* IParty-Bridging-Header.h */,
			);
			name = HTTP;
			sourceTree = "<group>";
		};
/* End PBXGroup section */

/* Begin PBXNativeTarget section */
		737F7DF71C60DB5C008DDB41 /* IParty */ = {
			isa = PBXNativeTarget;
			buildConfigurationList = 737F7E0F1C60DB5C008DDB41 /* Build configuration list for PBXNativeTarget "IParty" */;
			buildPhases = (
				737F7DF41C60DB5C008DDB41 /* Sources */,
				737F7DF51C60DB5C008DDB41 /* Frameworks */,
				737F7DF61C60DB5C008DDB41 /* Resources */,
			);
			buildRules = (
			);
			dependencies = (
			);
			name = IParty;
			productName = IParty;
			productReference = 737F7DF81C60DB5C008DDB41 /* IParty.app */;
			productType = "com.apple.product-type.application";
		};
/* End PBXNativeTarget section */

/* Begin PBXProject section */
		737F7DF01C60DB5C008DDB41 /* Project object */ = {
			isa = PBXProject;
			attributes = {
				LastUpgradeCheck = 0730;
				ORGANIZATIONNAME = Swifty;
				TargetAttributes = {
					737F7DF71C60DB5C008DDB41 = {
						CreatedOnToolsVersion = 7.3;
					};
				};
			};
			buildConfigurationList = 737F7DF31C60DB5C008DDB41 /* Build configuration list for PBXProject "IParty" */;
			compatibilityVersion = "Xcode 3.2";
			developmentRegion = English;
			hasScannedForEncodings = 0;
			knownRegions = (
				en,
				Base,
			);
			mainGroup = 737F7DEF1C60DB5C008DDB41;
			productRefGroup = 737F7DF91C60DB5C008DDB41 /* Products */;
			projectDirPath = "";
			projectRoot = "";
			targets = (
				737F7DF71C60DB5C008DDB41 /* IParty */,
			);
		};
/* End PBXProject section */

/* Begin PBXResourcesBuildPhase section */
		737F7DF61C60DB5C008DDB41 /* Resources */ = {
			isa = PBXResourcesBuildPhase;
			buildActionMask = 2147483647;
			files = (
				737F7E0B1C60DB5C008DDB41 /* LaunchScreen.storyboard in Resources */,
				737F7E221C61195D008DDB41 /* UploadImageCollectionViewCell.xib in Resources */,
				737F7E081C60DB5C008DDB41 /* Assets.xcassets in Resources */,
				737F7E061C60DB5C008DDB41 /* Main.storyboard in Resources */,
				737F7E181C60DC5F008DDB41 /* MainMenuItemCollectionViewCell.xib in Resources */,
			);
			runOnlyForDeploymentPostprocessing = 0;
		};
/* End PBXResourcesBuildPhase section */

/* Begin PBXSourcesBuildPhase section */
		737F7DF41C60DB5C008DDB41 /* Sources */ = {
			isa = PBXSourcesBuildPhase;
			buildActionMask = 2147483647;
			files = (
				737F7E291C616C85008DDB41 /* LoginViewController.m in Sources */,
				737F7E1D1C60EA19008DDB41 /* SetupPartyViewController.m in Sources */,
				737F7E031C60DB5C008DDB41 /* MainMenuViewController.m in Sources */,
				737F7E001C60DB5C008DDB41 /* AppDelegate.m in Sources */,
				737F7E2C1C616C95008DDB41 /* RegisterViewController.m in Sources */,
				737F7E211C61195D008DDB41 /* UploadImageCollectionViewCell.m in Sources */,
				737F7E261C61448C008DDB41 /* HttpRequester.swift in Sources */,
				737F7E171C60DC5F008DDB41 /* MainMenuItemCollectionViewCell.m in Sources */,
				737F7DFD1C60DB5C008DDB41 /* main.m in Sources */,
			);
			runOnlyForDeploymentPostprocessing = 0;
		};
/* End PBXSourcesBuildPhase section */

/* Begin PBXVariantGroup section */
		737F7E041C60DB5C008DDB41 /* Main.storyboard */ = {
			isa = PBXVariantGroup;
			children = (
				737F7E051C60DB5C008DDB41 /* Base */,
			);
			name = Main.storyboard;
			sourceTree = "<group>";
		};
		737F7E091C60DB5C008DDB41 /* LaunchScreen.storyboard */ = {
			isa = PBXVariantGroup;
			children = (
				737F7E0A1C60DB5C008DDB41 /* Base */,
			);
			name = LaunchScreen.storyboard;
			sourceTree = "<group>";
		};
/* End PBXVariantGroup section */

/* Begin XCBuildConfiguration section */
		737F7E0D1C60DB5C008DDB41 /* Debug */ = {
			isa = XCBuildConfiguration;
			buildSettings = {
				ALWAYS_SEARCH_USER_PATHS = NO;
				CLANG_CXX_LANGUAGE_STANDARD = "gnu++0x";
				CLANG_CXX_LIBRARY = "libc++";
				CLANG_ENABLE_MODULES = YES;
				CLANG_ENABLE_OBJC_ARC = YES;
				CLANG_WARN_BOOL_CONVERSION = YES;
				CLANG_WARN_CONSTANT_CONVERSION = YES;
				CLANG_WARN_DIRECT_OBJC_ISA_USAGE = YES_ERROR;
				CLANG_WARN_EMPTY_BODY = YES;
				CLANG_WARN_ENUM_CONVERSION = YES;
				CLANG_WARN_INT_CONVERSION = YES;
				CLANG_WARN_OBJC_ROOT_CLASS = YES_ERROR;
				CLANG_WARN_UNREACHABLE_CODE = YES;
				CLANG_WARN__DUPLICATE_METHOD_MATCH = YES;
				"CODE_SIGN_IDENTITY[sdk=iphoneos*]" = "iPhone Developer";
				COPY_PHASE_STRIP = NO;
				DEBUG_INFORMATION_FORMAT = dwarf;
				ENABLE_STRICT_OBJC_MSGSEND = YES;
				ENABLE_TESTABILITY = YES;
				GCC_C_LANGUAGE_STANDARD = gnu99;
				GCC_DYNAMIC_NO_PIC = NO;
				GCC_NO_COMMON_BLOCKS = YES;
				GCC_OPTIMIZATION_LEVEL = 0;
				GCC_PREPROCESSOR_DEFINITIONS = (
					"DEBUG=1",
					"$(inherited)",
				);
				GCC_WARN_64_TO_32_BIT_CONVERSION = YES;
				GCC_WARN_ABOUT_RETURN_TYPE = YES_ERROR;
				GCC_WARN_UNDECLARED_SELECTOR = YES;
				GCC_WARN_UNINITIALIZED_AUTOS = YES_AGGRESSIVE;
				GCC_WARN_UNUSED_FUNCTION = YES;
				GCC_WARN_UNUSED_VARIABLE = YES;
				IPHONEOS_DEPLOYMENT_TARGET = 9.3;
				MTL_ENABLE_DEBUG_INFO = YES;
				ONLY_ACTIVE_ARCH = YES;
				SDKROOT = iphoneos;
			};
			name = Debug;
		};
		737F7E0E1C60DB5C008DDB41 /* Release */ = {
			isa = XCBuildConfiguration;
			buildSettings = {
				ALWAYS_SEARCH_USER_PATHS = NO;
				CLANG_CXX_LANGUAGE_STANDARD = "gnu++0x";
				CLANG_CXX_LIBRARY = "libc++";
				CLANG_ENABLE_MODULES = YES;
				CLANG_ENABLE_OBJC_ARC = YES;
				CLANG_WARN_BOOL_CONVERSION = YES;
				CLANG_WARN_CONSTANT_CONVERSION = YES;
				CLANG_WARN_DIRECT_OBJC_ISA_USAGE = YES_ERROR;
				CLANG_WARN_EMPTY_BODY = YES;
				CLANG_WARN_ENUM_CONVERSION = YES;
				CLANG_WARN_INT_CONVERSION = YES;
				CLANG_WARN_OBJC_ROOT_CLASS = YES_ERROR;
				CLANG_WARN_UNREACHABLE_CODE = YES;
				CLANG_WARN__DUPLICATE_METHOD_MATCH = YES;
				"CODE_SIGN_IDENTITY[sdk=iphoneos*]" = "iPhone Developer";
				COPY_PHASE_STRIP = NO;
				DEBUG_INFORMATION_FORMAT = "dwarf-with-dsym";
				ENABLE_NS_ASSERTIONS = NO;
				ENABLE_STRICT_OBJC_MSGSEND = YES;
				GCC_C_LANGUAGE_STANDARD = gnu99;
				GCC_NO_COMMON_BLOCKS = YES;
				GCC_WARN_64_TO_32_BIT_CONVERSION = YES;
				GCC_WARN_ABOUT_RETURN_TYPE = YES_ERROR;
				GCC_WARN_UNDECLARED_SELECTOR = YES;
				GCC_WARN_UNINITIALIZED_AUTOS = YES_AGGRESSIVE;
				GCC_WARN_UNUSED_FUNCTION = YES;
				GCC_WARN_UNUSED_VARIABLE = YES;
				IPHONEOS_DEPLOYMENT_TARGET = 9.3;
				MTL_ENABLE_DEBUG_INFO = NO;
				SDKROOT = iphoneos;
				VALIDATE_PRODUCT = YES;
			};
			name = Release;
		};
		737F7E101C60DB5C008DDB41 /* Debug */ = {
			isa = XCBuildConfiguration;
			buildSettings = {
				ASSETCATALOG_COMPILER_APPICON_NAME = AppIcon;
				CLANG_ENABLE_MODULES = YES;
				INFOPLIST_FILE = IParty/Info.plist;
				LD_RUNPATH_SEARCH_PATHS = "$(inherited) @executable_path/Frameworks";
				PRODUCT_BUNDLE_IDENTIFIER = swifty.IParty;
				PRODUCT_NAME = "$(TARGET_NAME)";
				SWIFT_OBJC_BRIDGING_HEADER = "IParty/IParty-Bridging-Header.h";
				SWIFT_OPTIMIZATION_LEVEL = "-Onone";
			};
			name = Debug;
		};
		737F7E111C60DB5C008DDB41 /* Release */ = {
			isa = XCBuildConfiguration;
			buildSettings = {
				ASSETCATALOG_COMPILER_APPICON_NAME = AppIcon;
				CLANG_ENABLE_MODULES = YES;
				INFOPLIST_FILE = IParty/Info.plist;
				LD_RUNPATH_SEARCH_PATHS = "$(inherited) @executable_path/Frameworks";
				PRODUCT_BUNDLE_IDENTIFIER = swifty.IParty;
				PRODUCT_NAME = "$(TARGET_NAME)";
				SWIFT_OBJC_BRIDGING_HEADER = "IParty/IParty-Bridging-Header.h";
			};
			name = Release;
		};
/* End XCBuildConfiguration section */

/* Begin XCConfigurationList section */
		737F7DF31C60DB5C008DDB41 /* Build configuration list for PBXProject "IParty" */ = {
			isa = XCConfigurationList;
			buildConfigurations = (
				737F7E0D1C60DB5C008DDB41 /* Debug */,
				737F7E0E1C60DB5C008DDB41 /* Release */,
			);
			defaultConfigurationIsVisible = 0;
			defaultConfigurationName = Release;
		};
		737F7E0F1C60DB5C008DDB41 /* Build configuration list for PBXNativeTarget "IParty" */ = {
			isa = XCConfigurationList;
			buildConfigurations = (
				737F7E101C60DB5C008DDB41 /* Debug */,
				737F7E111C60DB5C008DDB41 /* Release */,
			);
			defaultConfigurationIsVisible = 0;
			defaultConfigurationName = Release;
		};
/* End XCConfigurationList section */
	};
	rootObject = 737F7DF01C60DB5C008DDB41 /* Project object */;
}
